{
   "name": "discord-flooded-area-bot",
   "version": "1.0.0",
   "lockfileVersion": 2,
   "requires": true,
   "packages": {
      "": {
         "name": "discord-flooded-area-bot",
         "version": "1.0.0",
         "dependencies": {
            "@magicalbunny31/awesome-utility-stuff": "github:magicalbunny31/awesome-utility-stuff",
            "dayjs": "^1.11.3",
            "discord.js": "^14.0.0-dev.1657757514-fe34f48",
            "dotenv": "^16.0.1",
            "fuzzysort": "^2.0.1",
            "redis": "^4.2.0"
         }
      },
      "node_modules/@discordjs/builders": {
         "version": "0.16.0-dev.1657757509-fe34f48",
         "resolved": "https://registry.npmjs.org/@discordjs/builders/-/builders-0.16.0-dev.1657757509-fe34f48.tgz",
         "integrity": "sha512-pxaG7OHRqsnd8MPhfVYQUirrvVmMWxwjSL0j4adHz1w7gWUtgchxOVcOCLgWdFDCoN4bNwRjkstNcI+yLpNE7w==",
         "dependencies": {
            "@sapphire/shapeshift": "^3.4.1",
            "discord-api-types": "^0.36.1",
            "fast-deep-equal": "^3.1.3",
            "ts-mixer": "^6.0.1",
            "tslib": "^2.4.0"
         },
         "engines": {
            "node": ">=16.9.0"
         }
      },
      "node_modules/@discordjs/collection": {
         "version": "0.8.0-dev.1657757511-fe34f48",
         "resolved": "https://registry.npmjs.org/@discordjs/collection/-/collection-0.8.0-dev.1657757511-fe34f48.tgz",
         "integrity": "sha512-r4ixU8TXVMb3D9TvlVISrrwrV+uxJJBIKuZWI5AJr1M1rJdt41lFtD4ZsO3SuyE8pBo1eU/XSTc6lsTmNMhy1A==",
         "engines": {
            "node": ">=16.9.0"
         }
      },
      "node_modules/@discordjs/rest": {
         "version": "0.6.0-dev.1657757537-fe34f48",
         "resolved": "https://registry.npmjs.org/@discordjs/rest/-/rest-0.6.0-dev.1657757537-fe34f48.tgz",
         "integrity": "sha512-jJA5tedKJiVLmieAvBffBNM5409ZOPxFi3A+6KMfmxBYgI5N6lfDIcRgd+oosi1l0t37lyxozofwdivS4aHNGA==",
         "dependencies": {
            "@discordjs/collection": "^0.8.0-dev",
            "@sapphire/async-queue": "^1.3.2",
            "@sapphire/snowflake": "^3.2.2",
            "discord-api-types": "^0.36.1",
            "tslib": "^2.4.0",
            "undici": "^5.6.0"
         },
         "engines": {
            "node": ">=16.9.0"
         }
      },
      "node_modules/@magicalbunny31/awesome-utility-stuff": {
         "version": "1.19.4",
         "resolved": "git+ssh://git@github.com/magicalbunny31/awesome-utility-stuff.git#0cef39080ef33723f84cad7b38681f25582e4bbc",
         "license": "MIT",
         "dependencies": {
            "color": "^4.2.3",
            "common-tags": "^1.8.2",
            "discord.js": "^14.0.0-dev.1656590649-525bf03",
            "nearest-color": "^0.4.4"
         },
         "engines": {
            "node": ">=16.9.0"
         }
      },
      "node_modules/@redis/bloom": {
         "version": "1.0.2",
         "resolved": "https://registry.npmjs.org/@redis/bloom/-/bloom-1.0.2.tgz",
         "integrity": "sha512-EBw7Ag1hPgFzdznK2PBblc1kdlj5B5Cw3XwI9/oG7tSn85/HKy3X9xHy/8tm/eNXJYHLXHJL/pkwBpFMVVefkw==",
         "peerDependencies": {
            "@redis/client": "^1.0.0"
         }
      },
      "node_modules/@redis/client": {
         "version": "1.2.0",
         "resolved": "https://registry.npmjs.org/@redis/client/-/client-1.2.0.tgz",
         "integrity": "sha512-a8Nlw5fv2EIAFJxTDSSDVUT7yfBGpZO96ybZXzQpgkyLg/dxtQ1uiwTc0EGfzg1mrPjZokeBSEGTbGXekqTNOg==",
         "dependencies": {
            "cluster-key-slot": "1.1.0",
            "generic-pool": "3.8.2",
            "yallist": "4.0.0"
         },
         "engines": {
            "node": ">=14"
         }
      },
      "node_modules/@redis/graph": {
         "version": "1.0.1",
         "resolved": "https://registry.npmjs.org/@redis/graph/-/graph-1.0.1.tgz",
         "integrity": "sha512-oDE4myMCJOCVKYMygEMWuriBgqlS5FqdWerikMoJxzmmTUErnTRRgmIDa2VcgytACZMFqpAOWDzops4DOlnkfQ==",
         "peerDependencies": {
            "@redis/client": "^1.0.0"
         }
      },
      "node_modules/@redis/json": {
         "version": "1.0.3",
         "resolved": "https://registry.npmjs.org/@redis/json/-/json-1.0.3.tgz",
         "integrity": "sha512-4X0Qv0BzD9Zlb0edkUoau5c1bInWSICqXAGrpwEltkncUwcxJIGEcVryZhLgb0p/3PkKaLIWkjhHRtLe9yiA7Q==",
         "peerDependencies": {
            "@redis/client": "^1.0.0"
         }
      },
      "node_modules/@redis/search": {
         "version": "1.0.6",
         "resolved": "https://registry.npmjs.org/@redis/search/-/search-1.0.6.tgz",
         "integrity": "sha512-pP+ZQRis5P21SD6fjyCeLcQdps+LuTzp2wdUbzxEmNhleighDDTD5ck8+cYof+WLec4csZX7ks+BuoMw0RaZrA==",
         "peerDependencies": {
            "@redis/client": "^1.0.0"
         }
      },
      "node_modules/@redis/time-series": {
         "version": "1.0.3",
         "resolved": "https://registry.npmjs.org/@redis/time-series/-/time-series-1.0.3.tgz",
         "integrity": "sha512-OFp0q4SGrTH0Mruf6oFsHGea58u8vS/iI5+NpYdicaM+7BgqBZH8FFvNZ8rYYLrUO/QRqMq72NpXmxLVNcdmjA==",
         "peerDependencies": {
            "@redis/client": "^1.0.0"
         }
      },
      "node_modules/@sapphire/async-queue": {
         "version": "1.3.2",
         "resolved": "https://registry.npmjs.org/@sapphire/async-queue/-/async-queue-1.3.2.tgz",
         "integrity": "sha512-rUpMLATsoAMnlN3gecAcr9Ecnw1vG7zi5Xr+IX22YzRzi1k9PF9vKzoT8RuEJbiIszjcimu3rveqUnvwDopz8g==",
         "engines": {
            "node": ">=v14.0.0",
            "npm": ">=7.0.0"
         }
      },
      "node_modules/@sapphire/shapeshift": {
         "version": "3.5.0",
         "resolved": "https://registry.npmjs.org/@sapphire/shapeshift/-/shapeshift-3.5.0.tgz",
         "integrity": "sha512-r6Iw3ZWgwzWcWDtsPwHKHnc6LCD84AqyXi1IolSS8TGLodTuggYxQ63V+Si5Jb7KVLhMYPCdlwM0HEDHEeZ9Iw==",
         "dependencies": {
            "fast-deep-equal": "^3.1.3",
            "lodash.uniqwith": "^4.5.0"
         },
         "engines": {
            "node": ">=v14.0.0",
            "npm": ">=7.0.0"
         }
      },
      "node_modules/@sapphire/snowflake": {
         "version": "3.2.2",
         "resolved": "https://registry.npmjs.org/@sapphire/snowflake/-/snowflake-3.2.2.tgz",
         "integrity": "sha512-ula2O0kpSZtX9rKXNeQMrHwNd7E4jPDJYUXmEGTFdMRfyfMw+FPyh04oKMjAiDuOi64bYgVkOV3MjK+loImFhQ==",
         "engines": {
            "node": ">=v14.0.0",
            "npm": ">=7.0.0"
         }
      },
      "node_modules/@types/node": {
         "version": "18.0.5",
         "resolved": "https://registry.npmjs.org/@types/node/-/node-18.0.5.tgz",
         "integrity": "sha512-En7tneq+j0qAiVwysBD79y86MT3ModuoIJbe7JXp+sb5UAjInSShmK3nXXMioBzfF7rXC12hv12d4IyCVwN4dA=="
      },
      "node_modules/@types/ws": {
         "version": "8.5.3",
         "resolved": "https://registry.npmjs.org/@types/ws/-/ws-8.5.3.tgz",
         "integrity": "sha512-6YOoWjruKj1uLf3INHH7D3qTXwFfEsg1kf3c0uDdSBJwfa/llkwIjrAGV7j7mVgGNbzTQ3HiHKKDXl6bJPD97w==",
         "dependencies": {
            "@types/node": "*"
         }
      },
      "node_modules/cluster-key-slot": {
         "version": "1.1.0",
         "resolved": "https://registry.npmjs.org/cluster-key-slot/-/cluster-key-slot-1.1.0.tgz",
         "integrity": "sha512-2Nii8p3RwAPiFwsnZvukotvow2rIHM+yQ6ZcBXGHdniadkYGZYiGmkHJIbZPIV9nfv7m/U1IPMVVcAhoWFeklw==",
         "engines": {
            "node": ">=0.10.0"
         }
      },
      "node_modules/color": {
         "version": "4.2.3",
         "resolved": "https://registry.npmjs.org/color/-/color-4.2.3.tgz",
         "integrity": "sha512-1rXeuUUiGGrykh+CeBdu5Ie7OJwinCgQY0bc7GCRxy5xVHy+moaqkpL/jqQq0MtQOeYcrqEz4abc5f0KtU7W4A==",
         "dependencies": {
            "color-convert": "^2.0.1",
            "color-string": "^1.9.0"
         },
         "engines": {
            "node": ">=12.5.0"
         }
      },
      "node_modules/color-convert": {
         "version": "2.0.1",
         "resolved": "https://registry.npmjs.org/color-convert/-/color-convert-2.0.1.tgz",
         "integrity": "sha512-RRECPsj7iu/xb5oKYcsFHSppFNnsj/52OVTRKb4zP5onXwVF3zVmmToNcOfGC+CRDpfK/U584fMg38ZHCaElKQ==",
         "dependencies": {
            "color-name": "~1.1.4"
         },
         "engines": {
            "node": ">=7.0.0"
         }
      },
      "node_modules/color-name": {
         "version": "1.1.4",
         "resolved": "https://registry.npmjs.org/color-name/-/color-name-1.1.4.tgz",
         "integrity": "sha512-dOy+3AuW3a2wNbZHIuMZpTcgjGuLU/uBL/ubcZF9OXbDo8ff4O8yVp5Bf0efS8uEoYo5q4Fx7dY9OgQGXgAsQA=="
      },
      "node_modules/color-string": {
         "version": "1.9.1",
         "resolved": "https://registry.npmjs.org/color-string/-/color-string-1.9.1.tgz",
         "integrity": "sha512-shrVawQFojnZv6xM40anx4CkoDP+fZsw/ZerEMsW/pyzsRbElpsL/DBVW7q3ExxwusdNXI3lXpuhEZkzs8p5Eg==",
         "dependencies": {
            "color-name": "^1.0.0",
            "simple-swizzle": "^0.2.2"
         }
      },
      "node_modules/common-tags": {
         "version": "1.8.2",
         "resolved": "https://registry.npmjs.org/common-tags/-/common-tags-1.8.2.tgz",
         "integrity": "sha512-gk/Z852D2Wtb//0I+kRFNKKE9dIIVirjoqPoA1wJU+XePVXZfGeBpk45+A1rKO4Q43prqWBNY/MiIeRLbPWUaA==",
         "engines": {
            "node": ">=4.0.0"
         }
      },
      "node_modules/dayjs": {
         "version": "1.11.3",
         "resolved": "https://registry.npmjs.org/dayjs/-/dayjs-1.11.3.tgz",
         "integrity": "sha512-xxwlswWOlGhzgQ4TKzASQkUhqERI3egRNqgV4ScR8wlANA/A9tZ7miXa44vTTKEq5l7vWoL5G57bG3zA+Kow0A=="
      },
      "node_modules/discord-api-types": {
         "version": "0.36.2",
         "resolved": "https://registry.npmjs.org/discord-api-types/-/discord-api-types-0.36.2.tgz",
         "integrity": "sha512-TunPAvzwneK/m5fr4hxH3bMsrtI22nr9yjfHyo5NBGMjpsAauGNiGCmwoFf0oO3jSd2mZiKUvZwCKDaB166u2Q=="
      },
      "node_modules/discord.js": {
         "version": "14.0.0-dev.1657757514-fe34f48",
         "resolved": "https://registry.npmjs.org/discord.js/-/discord.js-14.0.0-dev.1657757514-fe34f48.tgz",
         "integrity": "sha512-warixUTyz+NIyoTQht21Seo1bC1UPSRw3/b/uUtPB/BGu4e1X1orwcEP1wepQuwyqLIf8yo0vRJo21vRvwILvg==",
         "dependencies": {
            "@discordjs/builders": "^0.16.0-dev",
            "@discordjs/collection": "^0.8.0-dev",
            "@discordjs/rest": "^0.6.0-dev",
            "@sapphire/snowflake": "^3.2.2",
            "@types/ws": "^8.5.3",
            "discord-api-types": "^0.36.1",
            "fast-deep-equal": "^3.1.3",
            "lodash.snakecase": "^4.1.1",
            "tslib": "^2.4.0",
            "undici": "^5.6.0",
            "ws": "^8.8.0"
         },
         "engines": {
            "node": ">=16.9.0"
         }
      },
      "node_modules/dotenv": {
         "version": "16.0.1",
         "resolved": "https://registry.npmjs.org/dotenv/-/dotenv-16.0.1.tgz",
         "integrity": "sha512-1K6hR6wtk2FviQ4kEiSjFiH5rpzEVi8WW0x96aztHVMhEspNpc4DVOUTEHtEva5VThQ8IaBX1Pe4gSzpVVUsKQ==",
         "engines": {
            "node": ">=12"
         }
      },
      "node_modules/fast-deep-equal": {
         "version": "3.1.3",
         "resolved": "https://registry.npmjs.org/fast-deep-equal/-/fast-deep-equal-3.1.3.tgz",
         "integrity": "sha512-f3qQ9oQy9j2AhBe/H9VC91wLmKBCCU/gDOnKNAYG5hswO7BLKj09Hc5HYNz9cGI++xlpDCIgDaitVs03ATR84Q=="
      },
      "node_modules/fuzzysort": {
         "version": "2.0.1",
         "resolved": "https://registry.npmjs.org/fuzzysort/-/fuzzysort-2.0.1.tgz",
         "integrity": "sha512-SlgbPAq0eQ6JQ1h3l4MNeGH/t9DHKH8GGM0RD/6RhmJrNnSoWt3oIVaiQm9g9BPB+wAhRMeMqlUTbhbd7+Ufcg=="
      },
      "node_modules/generic-pool": {
         "version": "3.8.2",
         "resolved": "https://registry.npmjs.org/generic-pool/-/generic-pool-3.8.2.tgz",
         "integrity": "sha512-nGToKy6p3PAbYQ7p1UlWl6vSPwfwU6TMSWK7TTu+WUY4ZjyZQGniGGt2oNVvyNSpyZYSB43zMXVLcBm08MTMkg==",
         "engines": {
            "node": ">= 4"
         }
      },
      "node_modules/is-arrayish": {
         "version": "0.3.2",
         "resolved": "https://registry.npmjs.org/is-arrayish/-/is-arrayish-0.3.2.tgz",
         "integrity": "sha512-eVRqCvVlZbuw3GrM63ovNSNAeA1K16kaR/LRY/92w0zxQ5/1YzwblUX652i4Xs9RwAGjW9d9y6X88t8OaAJfWQ=="
      },
      "node_modules/lodash.snakecase": {
         "version": "4.1.1",
         "resolved": "https://registry.npmjs.org/lodash.snakecase/-/lodash.snakecase-4.1.1.tgz",
         "integrity": "sha512-QZ1d4xoBHYUeuouhEq3lk3Uq7ldgyFXGBhg04+oRLnIz8o9T65Eh+8YdroUwn846zchkA9yDsDl5CVVaV2nqYw=="
      },
      "node_modules/lodash.uniqwith": {
         "version": "4.5.0",
         "resolved": "https://registry.npmjs.org/lodash.uniqwith/-/lodash.uniqwith-4.5.0.tgz",
         "integrity": "sha512-7lYL8bLopMoy4CTICbxygAUq6CdRJ36vFc80DucPueUee+d5NBRxz3FdT9Pes/HEx5mPoT9jwnsEJWz1N7uq7Q=="
      },
      "node_modules/nearest-color": {
         "version": "0.4.4",
         "resolved": "https://registry.npmjs.org/nearest-color/-/nearest-color-0.4.4.tgz",
         "integrity": "sha512-orhcaIORC10tf41Ld2wwlcC+FaAavHG87JHWB3eHH5p7v2k9Tzym2XNEZzLAm5YJwGv6Q38WWc7SOb+Qfu/4NQ=="
      },
      "node_modules/redis": {
         "version": "4.2.0",
         "resolved": "https://registry.npmjs.org/redis/-/redis-4.2.0.tgz",
         "integrity": "sha512-bCR0gKVhIXFg8zCQjXEANzgI01DDixtPZgIUZHBCmwqixnu+MK3Tb2yqGjh+HCLASQVVgApiwhNkv+FoedZOGQ==",
         "dependencies": {
            "@redis/bloom": "1.0.2",
            "@redis/client": "1.2.0",
            "@redis/graph": "1.0.1",
            "@redis/json": "1.0.3",
            "@redis/search": "1.0.6",
            "@redis/time-series": "1.0.3"
         }
      },
      "node_modules/simple-swizzle": {
         "version": "0.2.2",
         "resolved": "https://registry.npmjs.org/simple-swizzle/-/simple-swizzle-0.2.2.tgz",
         "integrity": "sha512-JA//kQgZtbuY83m+xT+tXJkmJncGMTFT+C+g2h2R9uxkYIrE2yy9sgmcLhCnw57/WSD+Eh3J97FPEDFnbXnDUg==",
         "dependencies": {
            "is-arrayish": "^0.3.1"
         }
      },
      "node_modules/ts-mixer": {
         "version": "6.0.1",
         "resolved": "https://registry.npmjs.org/ts-mixer/-/ts-mixer-6.0.1.tgz",
         "integrity": "sha512-hvE+ZYXuINrx6Ei6D6hz+PTim0Uf++dYbK9FFifLNwQj+RwKquhQpn868yZsCtJYiclZF1u8l6WZxxKi+vv7Rg=="
      },
      "node_modules/tslib": {
         "version": "2.4.0",
         "resolved": "https://registry.npmjs.org/tslib/-/tslib-2.4.0.tgz",
         "integrity": "sha512-d6xOpEDfsi2CZVlPQzGeux8XMwLT9hssAsaPYExaQMuYskwb+x1x7J371tWlbBdWHroy99KnVB6qIkUbs5X3UQ=="
      },
      "node_modules/undici": {
         "version": "5.7.0",
         "resolved": "https://registry.npmjs.org/undici/-/undici-5.7.0.tgz",
         "integrity": "sha512-ORgxwDkiPS+gK2VxE7iyVeR7JliVn5DqhZ4LgQqYLBXsuK+lwOEmnJ66dhvlpLM0tC3fC7eYF1Bti2frbw2eAA==",
         "engines": {
            "node": ">=12.18"
         }
      },
      "node_modules/ws": {
         "version": "8.8.1",
         "resolved": "https://registry.npmjs.org/ws/-/ws-8.8.1.tgz",
         "integrity": "sha512-bGy2JzvzkPowEJV++hF07hAD6niYSr0JzBNo/J29WsB57A2r7Wlc1UFcTR9IzrPvuNVO4B8LGqF8qcpsVOhJCA==",
         "engines": {
            "node": ">=10.0.0"
         },
         "peerDependencies": {
            "bufferutil": "^4.0.1",
            "utf-8-validate": "^5.0.2"
         },
         "peerDependenciesMeta": {
            "bufferutil": {
               "optional": true
            },
            "utf-8-validate": {
               "optional": true
            }
         }
      },
      "node_modules/yallist": {
         "version": "4.0.0",
         "resolved": "https://registry.npmjs.org/yallist/-/yallist-4.0.0.tgz",
         "integrity": "sha512-3wdGidZyq5PB084XLES5TpOSRA3wjXAlIWMhum2kRcv/41Sn2emQ0dycQW4uZXLejwKvg6EsvbdlVL+FYEct7A=="
      }
   },
   "dependencies": {
      "@discordjs/builders": {
         "version": "0.16.0-dev.1657757509-fe34f48",
         "resolved": "https://registry.npmjs.org/@discordjs/builders/-/builders-0.16.0-dev.1657757509-fe34f48.tgz",
         "integrity": "sha512-pxaG7OHRqsnd8MPhfVYQUirrvVmMWxwjSL0j4adHz1w7gWUtgchxOVcOCLgWdFDCoN4bNwRjkstNcI+yLpNE7w==",
         "requires": {
            "@sapphire/shapeshift": "^3.4.1",
            "discord-api-types": "^0.36.1",
            "fast-deep-equal": "^3.1.3",
            "ts-mixer": "^6.0.1",
            "tslib": "^2.4.0"
         }
      },
      "@discordjs/collection": {
         "version": "0.8.0-dev.1657757511-fe34f48",
         "resolved": "https://registry.npmjs.org/@discordjs/collection/-/collection-0.8.0-dev.1657757511-fe34f48.tgz",
         "integrity": "sha512-r4ixU8TXVMb3D9TvlVISrrwrV+uxJJBIKuZWI5AJr1M1rJdt41lFtD4ZsO3SuyE8pBo1eU/XSTc6lsTmNMhy1A=="
      },
      "@discordjs/rest": {
         "version": "0.6.0-dev.1657757537-fe34f48",
         "resolved": "https://registry.npmjs.org/@discordjs/rest/-/rest-0.6.0-dev.1657757537-fe34f48.tgz",
         "integrity": "sha512-jJA5tedKJiVLmieAvBffBNM5409ZOPxFi3A+6KMfmxBYgI5N6lfDIcRgd+oosi1l0t37lyxozofwdivS4aHNGA==",
         "requires": {
            "@discordjs/collection": "^0.8.0-dev",
            "@sapphire/async-queue": "^1.3.2",
            "@sapphire/snowflake": "^3.2.2",
            "discord-api-types": "^0.36.1",
            "tslib": "^2.4.0",
            "undici": "^5.6.0"
         }
      },
      "@magicalbunny31/awesome-utility-stuff": {
         "version": "git+ssh://git@github.com/magicalbunny31/awesome-utility-stuff.git#0cef39080ef33723f84cad7b38681f25582e4bbc",
         "from": "@magicalbunny31/awesome-utility-stuff@github:magicalbunny31/awesome-utility-stuff",
         "requires": {
            "color": "^4.2.3",
            "common-tags": "^1.8.2",
            "discord.js": "^14.0.0-dev.1656590649-525bf03",
            "nearest-color": "^0.4.4"
         }
      },
      "@redis/bloom": {
         "version": "1.0.2",
         "resolved": "https://registry.npmjs.org/@redis/bloom/-/bloom-1.0.2.tgz",
         "integrity": "sha512-EBw7Ag1hPgFzdznK2PBblc1kdlj5B5Cw3XwI9/oG7tSn85/HKy3X9xHy/8tm/eNXJYHLXHJL/pkwBpFMVVefkw==",
         "requires": {}
      },
      "@redis/client": {
         "version": "1.2.0",
         "resolved": "https://registry.npmjs.org/@redis/client/-/client-1.2.0.tgz",
         "integrity": "sha512-a8Nlw5fv2EIAFJxTDSSDVUT7yfBGpZO96ybZXzQpgkyLg/dxtQ1uiwTc0EGfzg1mrPjZokeBSEGTbGXekqTNOg==",
         "requires": {
            "cluster-key-slot": "1.1.0",
            "generic-pool": "3.8.2",
            "yallist": "4.0.0"
         }
      },
      "@redis/graph": {
         "version": "1.0.1",
         "resolved": "https://registry.npmjs.org/@redis/graph/-/graph-1.0.1.tgz",
         "integrity": "sha512-oDE4myMCJOCVKYMygEMWuriBgqlS5FqdWerikMoJxzmmTUErnTRRgmIDa2VcgytACZMFqpAOWDzops4DOlnkfQ==",
         "requires": {}
      },
      "@redis/json": {
         "version": "1.0.3",
         "resolved": "https://registry.npmjs.org/@redis/json/-/json-1.0.3.tgz",
         "integrity": "sha512-4X0Qv0BzD9Zlb0edkUoau5c1bInWSICqXAGrpwEltkncUwcxJIGEcVryZhLgb0p/3PkKaLIWkjhHRtLe9yiA7Q==",
         "requires": {}
      },
      "@redis/search": {
         "version": "1.0.6",
         "resolved": "https://registry.npmjs.org/@redis/search/-/search-1.0.6.tgz",
         "integrity": "sha512-pP+ZQRis5P21SD6fjyCeLcQdps+LuTzp2wdUbzxEmNhleighDDTD5ck8+cYof+WLec4csZX7ks+BuoMw0RaZrA==",
         "requires": {}
      },
      "@redis/time-series": {
         "version": "1.0.3",
         "resolved": "https://registry.npmjs.org/@redis/time-series/-/time-series-1.0.3.tgz",
         "integrity": "sha512-OFp0q4SGrTH0Mruf6oFsHGea58u8vS/iI5+NpYdicaM+7BgqBZH8FFvNZ8rYYLrUO/QRqMq72NpXmxLVNcdmjA==",
         "requires": {}
      },
      "@sapphire/async-queue": {
         "version": "1.3.2",
         "resolved": "https://registry.npmjs.org/@sapphire/async-queue/-/async-queue-1.3.2.tgz",
         "integrity": "sha512-rUpMLATsoAMnlN3gecAcr9Ecnw1vG7zi5Xr+IX22YzRzi1k9PF9vKzoT8RuEJbiIszjcimu3rveqUnvwDopz8g=="
      },
      "@sapphire/shapeshift": {
         "version": "3.5.0",
         "resolved": "https://registry.npmjs.org/@sapphire/shapeshift/-/shapeshift-3.5.0.tgz",
         "integrity": "sha512-r6Iw3ZWgwzWcWDtsPwHKHnc6LCD84AqyXi1IolSS8TGLodTuggYxQ63V+Si5Jb7KVLhMYPCdlwM0HEDHEeZ9Iw==",
         "requires": {
            "fast-deep-equal": "^3.1.3",
            "lodash.uniqwith": "^4.5.0"
         }
      },
      "@sapphire/snowflake": {
         "version": "3.2.2",
         "resolved": "https://registry.npmjs.org/@sapphire/snowflake/-/snowflake-3.2.2.tgz",
         "integrity": "sha512-ula2O0kpSZtX9rKXNeQMrHwNd7E4jPDJYUXmEGTFdMRfyfMw+FPyh04oKMjAiDuOi64bYgVkOV3MjK+loImFhQ=="
      },
      "@types/node": {
         "version": "18.0.5",
         "resolved": "https://registry.npmjs.org/@types/node/-/node-18.0.5.tgz",
         "integrity": "sha512-En7tneq+j0qAiVwysBD79y86MT3ModuoIJbe7JXp+sb5UAjInSShmK3nXXMioBzfF7rXC12hv12d4IyCVwN4dA=="
      },
      "@types/ws": {
         "version": "8.5.3",
         "resolved": "https://registry.npmjs.org/@types/ws/-/ws-8.5.3.tgz",
         "integrity": "sha512-6YOoWjruKj1uLf3INHH7D3qTXwFfEsg1kf3c0uDdSBJwfa/llkwIjrAGV7j7mVgGNbzTQ3HiHKKDXl6bJPD97w==",
         "requires": {
            "@types/node": "*"
         }
      },
      "cluster-key-slot": {
         "version": "1.1.0",
         "resolved": "https://registry.npmjs.org/cluster-key-slot/-/cluster-key-slot-1.1.0.tgz",
         "integrity": "sha512-2Nii8p3RwAPiFwsnZvukotvow2rIHM+yQ6ZcBXGHdniadkYGZYiGmkHJIbZPIV9nfv7m/U1IPMVVcAhoWFeklw=="
      },
      "color": {
         "version": "4.2.3",
         "resolved": "https://registry.npmjs.org/color/-/color-4.2.3.tgz",
         "integrity": "sha512-1rXeuUUiGGrykh+CeBdu5Ie7OJwinCgQY0bc7GCRxy5xVHy+moaqkpL/jqQq0MtQOeYcrqEz4abc5f0KtU7W4A==",
         "requires": {
            "color-convert": "^2.0.1",
            "color-string": "^1.9.0"
         }
      },
      "color-convert": {
         "version": "2.0.1",
         "resolved": "https://registry.npmjs.org/color-convert/-/color-convert-2.0.1.tgz",
         "integrity": "sha512-RRECPsj7iu/xb5oKYcsFHSppFNnsj/52OVTRKb4zP5onXwVF3zVmmToNcOfGC+CRDpfK/U584fMg38ZHCaElKQ==",
         "requires": {
            "color-name": "~1.1.4"
         }
      },
      "color-name": {
         "version": "1.1.4",
         "resolved": "https://registry.npmjs.org/color-name/-/color-name-1.1.4.tgz",
         "integrity": "sha512-dOy+3AuW3a2wNbZHIuMZpTcgjGuLU/uBL/ubcZF9OXbDo8ff4O8yVp5Bf0efS8uEoYo5q4Fx7dY9OgQGXgAsQA=="
      },
      "color-string": {
         "version": "1.9.1",
         "resolved": "https://registry.npmjs.org/color-string/-/color-string-1.9.1.tgz",
         "integrity": "sha512-shrVawQFojnZv6xM40anx4CkoDP+fZsw/ZerEMsW/pyzsRbElpsL/DBVW7q3ExxwusdNXI3lXpuhEZkzs8p5Eg==",
         "requires": {
            "color-name": "^1.0.0",
            "simple-swizzle": "^0.2.2"
         }
      },
      "common-tags": {
         "version": "1.8.2",
         "resolved": "https://registry.npmjs.org/common-tags/-/common-tags-1.8.2.tgz",
         "integrity": "sha512-gk/Z852D2Wtb//0I+kRFNKKE9dIIVirjoqPoA1wJU+XePVXZfGeBpk45+A1rKO4Q43prqWBNY/MiIeRLbPWUaA=="
      },
      "dayjs": {
         "version": "1.11.3",
         "resolved": "https://registry.npmjs.org/dayjs/-/dayjs-1.11.3.tgz",
         "integrity": "sha512-xxwlswWOlGhzgQ4TKzASQkUhqERI3egRNqgV4ScR8wlANA/A9tZ7miXa44vTTKEq5l7vWoL5G57bG3zA+Kow0A=="
      },
      "discord-api-types": {
         "version": "0.36.2",
         "resolved": "https://registry.npmjs.org/discord-api-types/-/discord-api-types-0.36.2.tgz",
         "integrity": "sha512-TunPAvzwneK/m5fr4hxH3bMsrtI22nr9yjfHyo5NBGMjpsAauGNiGCmwoFf0oO3jSd2mZiKUvZwCKDaB166u2Q=="
      },
      "discord.js": {
         "version": "14.0.0-dev.1657757514-fe34f48",
         "resolved": "https://registry.npmjs.org/discord.js/-/discord.js-14.0.0-dev.1657757514-fe34f48.tgz",
         "integrity": "sha512-warixUTyz+NIyoTQht21Seo1bC1UPSRw3/b/uUtPB/BGu4e1X1orwcEP1wepQuwyqLIf8yo0vRJo21vRvwILvg==",
         "requires": {
            "@discordjs/builders": "^0.16.0-dev",
            "@discordjs/collection": "^0.8.0-dev",
            "@discordjs/rest": "^0.6.0-dev",
            "@sapphire/snowflake": "^3.2.2",
            "@types/ws": "^8.5.3",
            "discord-api-types": "^0.36.1",
            "fast-deep-equal": "^3.1.3",
            "lodash.snakecase": "^4.1.1",
            "tslib": "^2.4.0",
            "undici": "^5.6.0",
            "ws": "^8.8.0"
         }
      },
      "dotenv": {
         "version": "16.0.1",
         "resolved": "https://registry.npmjs.org/dotenv/-/dotenv-16.0.1.tgz",
         "integrity": "sha512-1K6hR6wtk2FviQ4kEiSjFiH5rpzEVi8WW0x96aztHVMhEspNpc4DVOUTEHtEva5VThQ8IaBX1Pe4gSzpVVUsKQ=="
      },
      "fast-deep-equal": {
         "version": "3.1.3",
         "resolved": "https://registry.npmjs.org/fast-deep-equal/-/fast-deep-equal-3.1.3.tgz",
         "integrity": "sha512-f3qQ9oQy9j2AhBe/H9VC91wLmKBCCU/gDOnKNAYG5hswO7BLKj09Hc5HYNz9cGI++xlpDCIgDaitVs03ATR84Q=="
      },
      "fuzzysort": {
         "version": "2.0.1",
         "resolved": "https://registry.npmjs.org/fuzzysort/-/fuzzysort-2.0.1.tgz",
         "integrity": "sha512-SlgbPAq0eQ6JQ1h3l4MNeGH/t9DHKH8GGM0RD/6RhmJrNnSoWt3oIVaiQm9g9BPB+wAhRMeMqlUTbhbd7+Ufcg=="
      },
      "generic-pool": {
         "version": "3.8.2",
         "resolved": "https://registry.npmjs.org/generic-pool/-/generic-pool-3.8.2.tgz",
         "integrity": "sha512-nGToKy6p3PAbYQ7p1UlWl6vSPwfwU6TMSWK7TTu+WUY4ZjyZQGniGGt2oNVvyNSpyZYSB43zMXVLcBm08MTMkg=="
      },
      "is-arrayish": {
         "version": "0.3.2",
         "resolved": "https://registry.npmjs.org/is-arrayish/-/is-arrayish-0.3.2.tgz",
         "integrity": "sha512-eVRqCvVlZbuw3GrM63ovNSNAeA1K16kaR/LRY/92w0zxQ5/1YzwblUX652i4Xs9RwAGjW9d9y6X88t8OaAJfWQ=="
      },
      "lodash.snakecase": {
         "version": "4.1.1",
         "resolved": "https://registry.npmjs.org/lodash.snakecase/-/lodash.snakecase-4.1.1.tgz",
         "integrity": "sha512-QZ1d4xoBHYUeuouhEq3lk3Uq7ldgyFXGBhg04+oRLnIz8o9T65Eh+8YdroUwn846zchkA9yDsDl5CVVaV2nqYw=="
      },
      "lodash.uniqwith": {
         "version": "4.5.0",
         "resolved": "https://registry.npmjs.org/lodash.uniqwith/-/lodash.uniqwith-4.5.0.tgz",
         "integrity": "sha512-7lYL8bLopMoy4CTICbxygAUq6CdRJ36vFc80DucPueUee+d5NBRxz3FdT9Pes/HEx5mPoT9jwnsEJWz1N7uq7Q=="
      },
      "nearest-color": {
         "version": "0.4.4",
         "resolved": "https://registry.npmjs.org/nearest-color/-/nearest-color-0.4.4.tgz",
         "integrity": "sha512-orhcaIORC10tf41Ld2wwlcC+FaAavHG87JHWB3eHH5p7v2k9Tzym2XNEZzLAm5YJwGv6Q38WWc7SOb+Qfu/4NQ=="
      },
      "redis": {
         "version": "4.2.0",
         "resolved": "https://registry.npmjs.org/redis/-/redis-4.2.0.tgz",
         "integrity": "sha512-bCR0gKVhIXFg8zCQjXEANzgI01DDixtPZgIUZHBCmwqixnu+MK3Tb2yqGjh+HCLASQVVgApiwhNkv+FoedZOGQ==",
         "requires": {
            "@redis/bloom": "1.0.2",
            "@redis/client": "1.2.0",
            "@redis/graph": "1.0.1",
            "@redis/json": "1.0.3",
            "@redis/search": "1.0.6",
            "@redis/time-series": "1.0.3"
         }
      },
      "simple-swizzle": {
         "version": "0.2.2",
         "resolved": "https://registry.npmjs.org/simple-swizzle/-/simple-swizzle-0.2.2.tgz",
         "integrity": "sha512-JA//kQgZtbuY83m+xT+tXJkmJncGMTFT+C+g2h2R9uxkYIrE2yy9sgmcLhCnw57/WSD+Eh3J97FPEDFnbXnDUg==",
         "requires": {
            "is-arrayish": "^0.3.1"
         }
      },
      "ts-mixer": {
         "version": "6.0.1",
         "resolved": "https://registry.npmjs.org/ts-mixer/-/ts-mixer-6.0.1.tgz",
         "integrity": "sha512-hvE+ZYXuINrx6Ei6D6hz+PTim0Uf++dYbK9FFifLNwQj+RwKquhQpn868yZsCtJYiclZF1u8l6WZxxKi+vv7Rg=="
      },
      "tslib": {
         "version": "2.4.0",
         "resolved": "https://registry.npmjs.org/tslib/-/tslib-2.4.0.tgz",
         "integrity": "sha512-d6xOpEDfsi2CZVlPQzGeux8XMwLT9hssAsaPYExaQMuYskwb+x1x7J371tWlbBdWHroy99KnVB6qIkUbs5X3UQ=="
      },
      "undici": {
         "version": "5.7.0",
         "resolved": "https://registry.npmjs.org/undici/-/undici-5.7.0.tgz",
         "integrity": "sha512-ORgxwDkiPS+gK2VxE7iyVeR7JliVn5DqhZ4LgQqYLBXsuK+lwOEmnJ66dhvlpLM0tC3fC7eYF1Bti2frbw2eAA=="
      },
      "ws": {
         "version": "8.8.1",
         "resolved": "https://registry.npmjs.org/ws/-/ws-8.8.1.tgz",
         "integrity": "sha512-bGy2JzvzkPowEJV++hF07hAD6niYSr0JzBNo/J29WsB57A2r7Wlc1UFcTR9IzrPvuNVO4B8LGqF8qcpsVOhJCA==",
         "requires": {}
      },
      "yallist": {
         "version": "4.0.0",
         "resolved": "https://registry.npmjs.org/yallist/-/yallist-4.0.0.tgz",
         "integrity": "sha512-3wdGidZyq5PB084XLES5TpOSRA3wjXAlIWMhum2kRcv/41Sn2emQ0dycQW4uZXLejwKvg6EsvbdlVL+FYEct7A=="
      }
   }
}
